
Microsoft Visual Studio Solution File, Format Version 12.00
# Visual Studio 15
VisualStudioVersion = 15.0.28307.902
MinimumVisualStudioVersion = 10.0.40219.1
Project("{FAE04EC0-301F-11D3-BF4B-00C04F79EFBC}") = "EXclass01", "EXclass01\EXclass01.csproj", "{C78D23E1-A967-4D58-A643-D7F7F5B56CB8}"
EndProject
Project("{FAE04EC0-301F-11D3-BF4B-00C04F79EFBC}") = "EXConstructor_01", "EXConstructor_01\EXConstructor_01.csproj", "{CDFC011A-BF46-4E0B-8D44-79EE8B758A25}"
EndProject
Project("{FAE04EC0-301F-11D3-BF4B-00C04F79EFBC}") = "EXConstructor_02", "EXConstructor_02\EXConstructor_02.csproj", "{7D0CC91B-68E0-472A-A67B-E61E5EE13066}"
EndProject
Project("{FAE04EC0-301F-11D3-BF4B-00C04F79EFBC}") = "ExConstructor_03", "ExConstructor_03\ExConstructor_03.csproj", "{8C6D4150-CACB-420F-9C66-66BF5C1D57A3}"
EndProject
Project("{FAE04EC0-301F-11D3-BF4B-00C04F79EFBC}") = "Ex_Inheritance_01", "Ex_Inheritance_01\Ex_Inheritance_01.csproj", "{0639DC77-4A39-4C16-91F0-6EC6C9C89C4A}"
EndProject
Project("{FAE04EC0-301F-11D3-BF4B-00C04F79EFBC}") = "Ex_Poly_Overload", "Ex_Poly_Overload\Ex_Poly_Overload.csproj", "{463A0296-D828-4183-8214-E057AD0C365D}"
EndProject
Project("{FAE04EC0-301F-11D3-BF4B-00C04F79EFBC}") = "Ex_Poly_Override", "Ex_Poly_Override\Ex_Poly_Override.csproj", "{AED13F8B-59A9-4634-BF79-2BF8113BCA7A}"
EndProject
Project("{FAE04EC0-301F-11D3-BF4B-00C04F79EFBC}") = "Ex_Poly_Override_02", "Ex_Poly_Override_02\Ex_Poly_Override_02.csproj", "{AE580B8D-A7FD-4E51-A239-5EEE3B7C90F0}"
EndProject
Project("{FAE04EC0-301F-11D3-BF4B-00C04F79EFBC}") = "Ex_Poly_Base", "Ex_Poly_Base\Ex_Poly_Base.csproj", "{414D1E4C-3AAC-407A-8BCC-A2C0D11220FC}"
EndProject
Project("{FAE04EC0-301F-11D3-BF4B-00C04F79EFBC}") = "Ex_Poly_CardAdd", "Ex_Poly_CardAdd\Ex_Poly_CardAdd.csproj", "{56087B59-1EED-4251-970E-AF1A61A9296F}"
EndProject
Project("{FAE04EC0-301F-11D3-BF4B-00C04F79EFBC}") = "exercise_01", "exercise_01\exercise_01.csproj", "{A00058BC-80EA-4D60-9D85-579A53FC7E52}"
EndProject
Global
	GlobalSection(SolutionConfigurationPlatforms) = preSolution
		Debug|Any CPU = Debug|Any CPU
		Release|Any CPU = Release|Any CPU
	EndGlobalSection
	GlobalSection(ProjectConfigurationPlatforms) = postSolution
		{C78D23E1-A967-4D58-A643-D7F7F5B56CB8}.Debug|Any CPU.ActiveCfg = Debug|Any CPU
		{C78D23E1-A967-4D58-A643-D7F7F5B56CB8}.Debug|Any CPU.Build.0 = Debug|Any CPU
		{C78D23E1-A967-4D58-A643-D7F7F5B56CB8}.Release|Any CPU.ActiveCfg = Release|Any CPU
		{C78D23E1-A967-4D58-A643-D7F7F5B56CB8}.Release|Any CPU.Build.0 = Release|Any CPU
		{CDFC011A-BF46-4E0B-8D44-79EE8B758A25}.Debug|Any CPU.ActiveCfg = Debug|Any CPU
		{CDFC011A-BF46-4E0B-8D44-79EE8B758A25}.Debug|Any CPU.Build.0 = Debug|Any CPU
		{CDFC011A-BF46-4E0B-8D44-79EE8B758A25}.Release|Any CPU.ActiveCfg = Release|Any CPU
		{CDFC011A-BF46-4E0B-8D44-79EE8B758A25}.Release|Any CPU.Build.0 = Release|Any CPU
		{7D0CC91B-68E0-472A-A67B-E61E5EE13066}.Debug|Any CPU.ActiveCfg = Debug|Any CPU
		{7D0CC91B-68E0-472A-A67B-E61E5EE13066}.Debug|Any CPU.Build.0 = Debug|Any CPU
		{7D0CC91B-68E0-472A-A67B-E61E5EE13066}.Release|Any CPU.ActiveCfg = Release|Any CPU
		{7D0CC91B-68E0-472A-A67B-E61E5EE13066}.Release|Any CPU.Build.0 = Release|Any CPU
		{8C6D4150-CACB-420F-9C66-66BF5C1D57A3}.Debug|Any CPU.ActiveCfg = Debug|Any CPU
		{8C6D4150-CACB-420F-9C66-66BF5C1D57A3}.Debug|Any CPU.Build.0 = Debug|Any CPU
		{8C6D4150-CACB-420F-9C66-66BF5C1D57A3}.Release|Any CPU.ActiveCfg = Release|Any CPU
		{8C6D4150-CACB-420F-9C66-66BF5C1D57A3}.Release|Any CPU.Build.0 = Release|Any CPU
		{0639DC77-4A39-4C16-91F0-6EC6C9C89C4A}.Debug|Any CPU.ActiveCfg = Debug|Any CPU
		{0639DC77-4A39-4C16-91F0-6EC6C9C89C4A}.Debug|Any CPU.Build.0 = Debug|Any CPU
		{0639DC77-4A39-4C16-91F0-6EC6C9C89C4A}.Release|Any CPU.ActiveCfg = Release|Any CPU
		{0639DC77-4A39-4C16-91F0-6EC6C9C89C4A}.Release|Any CPU.Build.0 = Release|Any CPU
		{463A0296-D828-4183-8214-E057AD0C365D}.Debug|Any CPU.ActiveCfg = Debug|Any CPU
		{463A0296-D828-4183-8214-E057AD0C365D}.Debug|Any CPU.Build.0 = Debug|Any CPU
		{463A0296-D828-4183-8214-E057AD0C365D}.Release|Any CPU.ActiveCfg = Release|Any CPU
		{463A0296-D828-4183-8214-E057AD0C365D}.Release|Any CPU.Build.0 = Release|Any CPU
		{AED13F8B-59A9-4634-BF79-2BF8113BCA7A}.Debug|Any CPU.ActiveCfg = Debug|Any CPU
		{AED13F8B-59A9-4634-BF79-2BF8113BCA7A}.Debug|Any CPU.Build.0 = Debug|Any CPU
		{AED13F8B-59A9-4634-BF79-2BF8113BCA7A}.Release|Any CPU.ActiveCfg = Release|Any CPU
		{AED13F8B-59A9-4634-BF79-2BF8113BCA7A}.Release|Any CPU.Build.0 = Release|Any CPU
		{AE580B8D-A7FD-4E51-A239-5EEE3B7C90F0}.Debug|Any CPU.ActiveCfg = Debug|Any CPU
		{AE580B8D-A7FD-4E51-A239-5EEE3B7C90F0}.Debug|Any CPU.Build.0 = Debug|Any CPU
		{AE580B8D-A7FD-4E51-A239-5EEE3B7C90F0}.Release|Any CPU.ActiveCfg = Release|Any CPU
		{AE580B8D-A7FD-4E51-A239-5EEE3B7C90F0}.Release|Any CPU.Build.0 = Release|Any CPU
		{414D1E4C-3AAC-407A-8BCC-A2C0D11220FC}.Debug|Any CPU.ActiveCfg = Debug|Any CPU
		{414D1E4C-3AAC-407A-8BCC-A2C0D11220FC}.Debug|Any CPU.Build.0 = Debug|Any CPU
		{414D1E4C-3AAC-407A-8BCC-A2C0D11220FC}.Release|Any CPU.ActiveCfg = Release|Any CPU
		{414D1E4C-3AAC-407A-8BCC-A2C0D11220FC}.Release|Any CPU.Build.0 = Release|Any CPU
		{56087B59-1EED-4251-970E-AF1A61A9296F}.Debug|Any CPU.ActiveCfg = Debug|Any CPU
		{56087B59-1EED-4251-970E-AF1A61A9296F}.Debug|Any CPU.Build.0 = Debug|Any CPU
		{56087B59-1EED-4251-970E-AF1A61A9296F}.Release|Any CPU.ActiveCfg = Release|Any CPU
		{56087B59-1EED-4251-970E-AF1A61A9296F}.Release|Any CPU.Build.0 = Release|Any CPU
		{A00058BC-80EA-4D60-9D85-579A53FC7E52}.Debug|Any CPU.ActiveCfg = Debug|Any CPU
		{A00058BC-80EA-4D60-9D85-579A53FC7E52}.Debug|Any CPU.Build.0 = Debug|Any CPU
		{A00058BC-80EA-4D60-9D85-579A53FC7E52}.Release|Any CPU.ActiveCfg = Release|Any CPU
		{A00058BC-80EA-4D60-9D85-579A53FC7E52}.Release|Any CPU.Build.0 = Release|Any CPU
	EndGlobalSection
	GlobalSection(SolutionProperties) = preSolution
		HideSolutionNode = FALSE
	EndGlobalSection
	GlobalSection(ExtensibilityGlobals) = postSolution
		SolutionGuid = {D22E98CD-558B-4A33-9485-6A4046FC8BDE}
	EndGlobalSection
EndGlobal
