
Microsoft Visual Studio Solution File, Format Version 12.00
# Visual Studio 15
VisualStudioVersion = 15.0.28307.902
MinimumVisualStudioVersion = 10.0.40219.1
Project("{FAE04EC0-301F-11D3-BF4B-00C04F79EFBC}") = "EXclass01", "EXclass01\EXclass01.csproj", "{C78D23E1-A967-4D58-A643-D7F7F5B56CB8}"
EndProject
Project("{FAE04EC0-301F-11D3-BF4B-00C04F79EFBC}") = "EXConstructor_01", "EXConstructor_01\EXConstructor_01.csproj", "{CDFC011A-BF46-4E0B-8D44-79EE8B758A25}"
EndProject
Project("{FAE04EC0-301F-11D3-BF4B-00C04F79EFBC}") = "EXConstructor_02", "EXConstructor_02\EXConstructor_02.csproj", "{7D0CC91B-68E0-472A-A67B-E61E5EE13066}"
EndProject
Project("{FAE04EC0-301F-11D3-BF4B-00C04F79EFBC}") = "ExConstructor_03", "ExConstructor_03\ExConstructor_03.csproj", "{8C6D4150-CACB-420F-9C66-66BF5C1D57A3}"
EndProject
Project("{FAE04EC0-301F-11D3-BF4B-00C04F79EFBC}") = "Ex_Inheritance_01", "Ex_Inheritance_01\Ex_Inheritance_01.csproj", "{0639DC77-4A39-4C16-91F0-6EC6C9C89C4A}"
EndProject
Global
	GlobalSection(SolutionConfigurationPlatforms) = preSolution
		Debug|Any CPU = Debug|Any CPU
		Release|Any CPU = Release|Any CPU
	EndGlobalSection
	GlobalSection(ProjectConfigurationPlatforms) = postSolution
		{C78D23E1-A967-4D58-A643-D7F7F5B56CB8}.Debug|Any CPU.ActiveCfg = Debug|Any CPU
		{C78D23E1-A967-4D58-A643-D7F7F5B56CB8}.Debug|Any CPU.Build.0 = Debug|Any CPU
		{C78D23E1-A967-4D58-A643-D7F7F5B56CB8}.Release|Any CPU.ActiveCfg = Release|Any CPU
		{C78D23E1-A967-4D58-A643-D7F7F5B56CB8}.Release|Any CPU.Build.0 = Release|Any CPU
		{CDFC011A-BF46-4E0B-8D44-79EE8B758A25}.Debug|Any CPU.ActiveCfg = Debug|Any CPU
		{CDFC011A-BF46-4E0B-8D44-79EE8B758A25}.Debug|Any CPU.Build.0 = Debug|Any CPU
		{CDFC011A-BF46-4E0B-8D44-79EE8B758A25}.Release|Any CPU.ActiveCfg = Release|Any CPU
		{CDFC011A-BF46-4E0B-8D44-79EE8B758A25}.Release|Any CPU.Build.0 = Release|Any CPU
		{7D0CC91B-68E0-472A-A67B-E61E5EE13066}.Debug|Any CPU.ActiveCfg = Debug|Any CPU
		{7D0CC91B-68E0-472A-A67B-E61E5EE13066}.Debug|Any CPU.Build.0 = Debug|Any CPU
		{7D0CC91B-68E0-472A-A67B-E61E5EE13066}.Release|Any CPU.ActiveCfg = Release|Any CPU
		{7D0CC91B-68E0-472A-A67B-E61E5EE13066}.Release|Any CPU.Build.0 = Release|Any CPU
		{8C6D4150-CACB-420F-9C66-66BF5C1D57A3}.Debug|Any CPU.ActiveCfg = Debug|Any CPU
		{8C6D4150-CACB-420F-9C66-66BF5C1D57A3}.Debug|Any CPU.Build.0 = Debug|Any CPU
		{8C6D4150-CACB-420F-9C66-66BF5C1D57A3}.Release|Any CPU.ActiveCfg = Release|Any CPU
		{8C6D4150-CACB-420F-9C66-66BF5C1D57A3}.Release|Any CPU.Build.0 = Release|Any CPU
		{0639DC77-4A39-4C16-91F0-6EC6C9C89C4A}.Debug|Any CPU.ActiveCfg = Debug|Any CPU
		{0639DC77-4A39-4C16-91F0-6EC6C9C89C4A}.Debug|Any CPU.Build.0 = Debug|Any CPU
		{0639DC77-4A39-4C16-91F0-6EC6C9C89C4A}.Release|Any CPU.ActiveCfg = Release|Any CPU
		{0639DC77-4A39-4C16-91F0-6EC6C9C89C4A}.Release|Any CPU.Build.0 = Release|Any CPU
	EndGlobalSection
	GlobalSection(SolutionProperties) = preSolution
		HideSolutionNode = FALSE
	EndGlobalSection
	GlobalSection(ExtensibilityGlobals) = postSolution
		SolutionGuid = {D22E98CD-558B-4A33-9485-6A4046FC8BDE}
	EndGlobalSection
EndGlobal
